{
  "version": 4,
  "terraform_version": "0.15.4",
  "serial": 24,
  "lineage": "6d4f4e60-af6b-b95d-5048-8c34e25ea03d",
  "outputs": {},
  "resources": [
    {
      "mode": "data",
      "type": "aws_iam_policy_document",
      "name": "cloudfront",
      "provider": "provider[\"registry.terraform.io/hashicorp/aws\"]",
      "instances": [
        {
          "schema_version": 0,
          "attributes": {
            "id": "3244836715",
            "json": "{\n  \"Version\": \"2012-10-17\",\n  \"Statement\": [\n    {\n      \"Sid\": \"\",\n      \"Effect\": \"Allow\",\n      \"Action\": \"s3:GetObject\",\n      \"Resource\": \"arn:aws:s3:::alf-dev-cloudfront-testbucket2/*\",\n      \"Principal\": {\n        \"AWS\": \"arn:aws:iam::cloudfront:user/CloudFront Origin Access Identity EO2Z8QCAM5IHB\"\n      }\n    },\n    {\n      \"Sid\": \"\",\n      \"Effect\": \"Allow\",\n      \"Action\": \"s3:ListBucket\",\n      \"Resource\": \"arn:aws:s3:::alf-dev-cloudfront-testbucket2\",\n      \"Principal\": {\n        \"AWS\": \"arn:aws:iam::cloudfront:user/CloudFront Origin Access Identity EO2Z8QCAM5IHB\"\n      }\n    }\n  ]\n}",
            "override_json": null,
            "override_policy_documents": null,
            "policy_id": null,
            "source_json": null,
            "source_policy_documents": null,
            "statement": [
              {
                "actions": [
                  "s3:GetObject"
                ],
                "condition": [],
                "effect": "Allow",
                "not_actions": [],
                "not_principals": [],
                "not_resources": [],
                "principals": [
                  {
                    "identifiers": [
                      "arn:aws:iam::cloudfront:user/CloudFront Origin Access Identity EO2Z8QCAM5IHB"
                    ],
                    "type": "AWS"
                  }
                ],
                "resources": [
                  "arn:aws:s3:::alf-dev-cloudfront-testbucket2/*"
                ],
                "sid": ""
              },
              {
                "actions": [
                  "s3:ListBucket"
                ],
                "condition": [],
                "effect": "Allow",
                "not_actions": [],
                "not_principals": [],
                "not_resources": [],
                "principals": [
                  {
                    "identifiers": [
                      "arn:aws:iam::cloudfront:user/CloudFront Origin Access Identity EO2Z8QCAM5IHB"
                    ],
                    "type": "AWS"
                  }
                ],
                "resources": [
                  "arn:aws:s3:::alf-dev-cloudfront-testbucket2"
                ],
                "sid": ""
              }
            ],
            "version": "2012-10-17"
          },
          "sensitive_attributes": []
        }
      ]
    },
    {
      "mode": "data",
      "type": "template_file",
      "name": "tf_iot_policy",
      "provider": "provider[\"registry.terraform.io/hashicorp/template\"]",
      "instances": [
        {
          "schema_version": 0,
          "attributes": {
            "filename": null,
            "id": "e64f48476573f8fde1b9a5f09ff28ee53ce43f0b4c5eca25a5698271a6608c0a",
            "rendered": "{\n  \"Version\": \"2012-10-17\",\n  \"Statement\": [\n    {\n      \"Effect\": \"Allow\",\n      \"Action\": [\n        \"iot:Connect\",\n        \"iot:Publish\",\n        \"iot:Receive\",\n        \"iot:Subscribe\"\n      ],\n      \"Resource\": \"arn:aws:iot:us-east-1:1234567891234:*\"\n    }\n  ]\n}\n",
            "template": "{\n  \"Version\": \"2012-10-17\",\n  \"Statement\": [\n    {\n      \"Effect\": \"Allow\",\n      \"Action\": [\n        \"iot:Connect\",\n        \"iot:Publish\",\n        \"iot:Receive\",\n        \"iot:Subscribe\"\n      ],\n      \"Resource\": \"arn:aws:iot:${aws_region}:${aws_account_id}:*\"\n    }\n  ]\n}\n",
            "vars": {
              "aws_account_id": "1234567891234",
              "aws_region": "us-east-1"
            }
          },
          "sensitive_attributes": []
        }
      ]
    },
    {
      "mode": "managed",
      "type": "aws_cloudfront_distribution",
      "name": "website",
      "provider": "provider[\"registry.terraform.io/hashicorp/aws\"]",
      "instances": [
        {
          "schema_version": 1,
          "attributes": {
            "aliases": [],
            "arn": "arn:aws:cloudfront::542689918266:distribution/E1JZ2GTODBM5WU",
            "caller_reference": "terraform-20211205205752315200000001",
            "comment": null,
            "custom_error_response": [
              {
                "error_caching_min_ttl": 300,
                "error_code": 404,
                "response_code": 200,
                "response_page_path": "/error.html"
              }
            ],
            "default_cache_behavior": [
              {
                "allowed_methods": [
                  "DELETE",
                  "GET",
                  "HEAD",
                  "OPTIONS",
                  "PATCH",
                  "POST",
                  "PUT"
                ],
                "cache_policy_id": "",
                "cached_methods": [
                  "GET",
                  "HEAD"
                ],
                "compress": false,
                "default_ttl": 3600,
                "field_level_encryption_id": "",
                "forwarded_values": [
                  {
                    "cookies": [
                      {
                        "forward": "none",
                        "whitelisted_names": []
                      }
                    ],
                    "headers": [],
                    "query_string": false,
                    "query_string_cache_keys": []
                  }
                ],
                "function_association": [],
                "lambda_function_association": [],
                "max_ttl": 86400,
                "min_ttl": 0,
                "origin_request_policy_id": "",
                "realtime_log_config_arn": "",
                "response_headers_policy_id": "",
                "smooth_streaming": false,
                "target_origin_id": "alf-dev-cloudfront-testbucket2-origin",
                "trusted_key_groups": [],
                "trusted_signers": [],
                "viewer_protocol_policy": "redirect-to-https"
              }
            ],
            "default_root_object": "index.html",
            "domain_name": "d3vd4rhdn5qu6k.cloudfront.net",
            "enabled": true,
            "etag": "E296DIQD9Z5OC4",
            "hosted_zone_id": "Z2FDTNDATAQYW2",
            "http_version": "http2",
            "id": "E1JZ2GTODBM5WU",
            "in_progress_validation_batches": 0,
            "is_ipv6_enabled": true,
            "last_modified_time": "2021-12-08 16:44:08.461 +0000 UTC",
            "logging_config": [],
            "ordered_cache_behavior": [],
            "origin": [
              {
                "connection_attempts": 3,
                "connection_timeout": 10,
                "custom_header": [],
                "custom_origin_config": [],
                "domain_name": "alf-dev-cloudfront-testbucket2.s3.amazonaws.com",
                "origin_id": "alf-dev-cloudfront-testbucket2-origin",
                "origin_path": "",
                "origin_shield": [],
                "s3_origin_config": [
                  {
                    "origin_access_identity": "origin-access-identity/cloudfront/EO2Z8QCAM5IHB"
                  }
                ]
              }
            ],
            "origin_group": [],
            "price_class": "PriceClass_200",
            "restrictions": [
              {
                "geo_restriction": [
                  {
                    "locations": [
                      "CA"
                    ],
                    "restriction_type": "blacklist"
                  }
                ]
              }
            ],
            "retain_on_delete": false,
            "status": "Deployed",
            "tags": {
              "Name": "My cloudfront test bucket"
            },
            "tags_all": {
              "Name": "My cloudfront test bucket"
            },
            "trusted_key_groups": [
              {
                "enabled": false,
                "items": []
              }
            ],
            "trusted_signers": [
              {
                "enabled": false,
                "items": []
              }
            ],
            "viewer_certificate": [
              {
                "acm_certificate_arn": "",
                "cloudfront_default_certificate": true,
                "iam_certificate_id": "",
                "minimum_protocol_version": "TLSv1",
                "ssl_support_method": ""
              }
            ],
            "wait_for_deployment": true,
            "web_acl_id": ""
          },
          "sensitive_attributes": [],
          "private": "eyJzY2hlbWFfdmVyc2lvbiI6IjEifQ==",
          "dependencies": [
            "aws_cloudfront_origin_access_identity.website",
            "aws_s3_bucket.website"
          ]
        }
      ]
    },
    {
      "mode": "managed",
      "type": "aws_cloudfront_origin_access_identity",
      "name": "website",
      "provider": "provider[\"registry.terraform.io/hashicorp/aws\"]",
      "instances": [
        {
          "schema_version": 0,
          "attributes": {
            "caller_reference": "terraform-20211205203646613000000001",
            "cloudfront_access_identity_path": "origin-access-identity/cloudfront/EO2Z8QCAM5IHB",
            "comment": null,
            "etag": "EXDTMIO73OAZ5",
            "iam_arn": "arn:aws:iam::cloudfront:user/CloudFront Origin Access Identity EO2Z8QCAM5IHB",
            "id": "EO2Z8QCAM5IHB",
            "s3_canonical_user_id": "5e763fa90f5815e7df7a0e17ebbcc0752b630d0feb7b2beab2d1d114b5155c44ad98183f90c1d9e518a0e3fcf4671f00"
          },
          "sensitive_attributes": [],
          "private": "bnVsbA=="
        }
      ]
    },
    {
      "mode": "managed",
      "type": "aws_cloudfront_response_headers_policy",
      "name": "response_policy_sec",
      "provider": "provider[\"registry.terraform.io/hashicorp/aws\"]",
      "instances": [
        {
          "schema_version": 0,
          "attributes": {
            "comment": "Policy defining the custom response headers updated for security reasons (ref. ADR-0002)",
            "cors_config": [],
            "custom_headers_config": [],
            "etag": "E23ZP02F085DFQ",
            "id": "3c38db94-6a30-433e-baf1-023301d3b93d",
            "name": "alf-dev-cloudfront-security-headers",
            "security_headers_config": [
              {
                "content_security_policy": [
                  {
                    "content_security_policy": "default-src * 'unsafe-inline' 'unsafe-eval' ; style-src * 'unsafe-inline'; script-src * 'unsafe-inline' 'unsafe-eval'; font-src 'self' data: ; img-src * data: 'unsafe-inline' blob: ; media-src * blob: data: ; connect-src * 'unsafe-inline';",
                    "override": true
                  }
                ],
                "content_type_options": [
                  {
                    "override": true
                  }
                ],
                "frame_options": [
                  {
                    "frame_option": "DENY",
                    "override": true
                  }
                ],
                "referrer_policy": [
                  {
                    "override": true,
                    "referrer_policy": "no-referrer-when-downgrade"
                  }
                ],
                "strict_transport_security": [
                  {
                    "access_control_max_age_sec": 63072000,
                    "include_subdomains": true,
                    "override": true,
                    "preload": true
                  }
                ],
                "xss_protection": [
                  {
                    "mode_block": true,
                    "override": true,
                    "protection": true,
                    "report_uri": ""
                  }
                ]
              }
            ]
          },
          "sensitive_attributes": [],
          "private": "bnVsbA=="
        }
      ]
    },
    {
      "mode": "managed",
      "type": "aws_s3_bucket",
      "name": "website",
      "provider": "provider[\"registry.terraform.io/hashicorp/aws\"]",
      "instances": [
        {
          "schema_version": 0,
          "attributes": {
            "acceleration_status": "",
            "acl": "private",
            "arn": "arn:aws:s3:::alf-dev-cloudfront-testbucket2",
            "bucket": "alf-dev-cloudfront-testbucket2",
            "bucket_domain_name": "alf-dev-cloudfront-testbucket2.s3.amazonaws.com",
            "bucket_prefix": null,
            "bucket_regional_domain_name": "alf-dev-cloudfront-testbucket2.s3.amazonaws.com",
            "cors_rule": [
              {
                "allowed_headers": [
                  "Authorization"
                ],
                "allowed_methods": [
                  "GET"
                ],
                "allowed_origins": [
                  "*"
                ],
                "expose_headers": [],
                "max_age_seconds": 3000
              }
            ],
            "force_destroy": true,
            "grant": [],
            "hosted_zone_id": "Z3AQBSTGFYJSTF",
            "id": "alf-dev-cloudfront-testbucket2",
            "lifecycle_rule": [],
            "logging": [],
            "object_lock_configuration": [],
            "policy": null,
            "region": "us-east-1",
            "replication_configuration": [],
            "request_payer": "BucketOwner",
            "server_side_encryption_configuration": [],
            "tags": {
              "purpose": "experimentcfpolicy"
            },
            "tags_all": {
              "purpose": "experimentcfpolicy"
            },
            "versioning": [
              {
                "enabled": false,
                "mfa_delete": false
              }
            ],
            "website": [
              {
                "error_document": "error.html",
                "index_document": "index.html",
                "redirect_all_requests_to": "",
                "routing_rules": ""
              }
            ],
            "website_domain": "s3-website-us-east-1.amazonaws.com",
            "website_endpoint": "alf-dev-cloudfront-testbucket2.s3-website-us-east-1.amazonaws.com"
          },
          "sensitive_attributes": [],
          "private": "bnVsbA=="
        }
      ]
    },
    {
      "mode": "managed",
      "type": "aws_s3_bucket_object",
      "name": "error",
      "provider": "provider[\"registry.terraform.io/hashicorp/aws\"]",
      "instances": [
        {
          "schema_version": 0,
          "attributes": {
            "acl": "private",
            "bucket": "alf-dev-cloudfront-testbucket2",
            "bucket_key_enabled": false,
            "cache_control": "",
            "content": null,
            "content_base64": null,
            "content_disposition": "",
            "content_encoding": "",
            "content_language": "",
            "content_type": "text/html",
            "etag": "0b815a4fc65ce1d97a7f021dbcf1ac2c",
            "force_destroy": false,
            "id": "error.html",
            "key": "error.html",
            "kms_key_id": null,
            "metadata": {},
            "object_lock_legal_hold_status": "",
            "object_lock_mode": "",
            "object_lock_retain_until_date": "",
            "server_side_encryption": "",
            "source": "./files/error.html",
            "source_hash": null,
            "storage_class": "STANDARD",
            "tags": {},
            "tags_all": {},
            "version_id": "null",
            "website_redirect": ""
          },
          "sensitive_attributes": [],
          "private": "bnVsbA==",
          "dependencies": [
            "aws_s3_bucket.website"
          ]
        }
      ]
    },
    {
      "mode": "managed",
      "type": "aws_s3_bucket_object",
      "name": "index",
      "provider": "provider[\"registry.terraform.io/hashicorp/aws\"]",
      "instances": [
        {
          "schema_version": 0,
          "attributes": {
            "acl": "private",
            "bucket": "alf-dev-cloudfront-testbucket2",
            "bucket_key_enabled": false,
            "cache_control": "",
            "content": null,
            "content_base64": null,
            "content_disposition": "",
            "content_encoding": "",
            "content_language": "",
            "content_type": "text/html",
            "etag": "7dd69211dead6efe2e05e1876d6a1891",
            "force_destroy": false,
            "id": "index.html",
            "key": "index.html",
            "kms_key_id": null,
            "metadata": {},
            "object_lock_legal_hold_status": "",
            "object_lock_mode": "",
            "object_lock_retain_until_date": "",
            "server_side_encryption": "",
            "source": "./files/index.html",
            "source_hash": null,
            "storage_class": "STANDARD",
            "tags": {},
            "tags_all": {},
            "version_id": "null",
            "website_redirect": ""
          },
          "sensitive_attributes": [],
          "private": "bnVsbA==",
          "dependencies": [
            "aws_s3_bucket.website"
          ]
        }
      ]
    },
    {
      "mode": "managed",
      "type": "aws_s3_bucket_policy",
      "name": "cloudfront",
      "provider": "provider[\"registry.terraform.io/hashicorp/aws\"]",
      "instances": [
        {
          "schema_version": 0,
          "attributes": {
            "bucket": "alf-dev-cloudfront-testbucket2",
            "id": "alf-dev-cloudfront-testbucket2",
            "policy": "{\"Version\":\"2012-10-17\",\"Statement\":[{\"Sid\":\"\",\"Effect\":\"Allow\",\"Principal\":{\"AWS\":\"arn:aws:iam::cloudfront:user/CloudFront Origin Access Identity EO2Z8QCAM5IHB\"},\"Action\":\"s3:GetObject\",\"Resource\":\"arn:aws:s3:::alf-dev-cloudfront-testbucket2/*\"},{\"Sid\":\"\",\"Effect\":\"Allow\",\"Principal\":{\"AWS\":\"arn:aws:iam::cloudfront:user/CloudFront Origin Access Identity EO2Z8QCAM5IHB\"},\"Action\":\"s3:ListBucket\",\"Resource\":\"arn:aws:s3:::alf-dev-cloudfront-testbucket2\"}]}"
          },
          "sensitive_attributes": [],
          "private": "bnVsbA==",
          "dependencies": [
            "aws_s3_bucket.website",
            "data.aws_iam_policy_document.cloudfront",
            "aws_cloudfront_origin_access_identity.website"
          ]
        }
      ]
    }
  ]
}
